
Microsoft Visual Studio Solution File, Format Version 12.00
# Visual Studio 15
VisualStudioVersion = 15.0.27004.2008
MinimumVisualStudioVersion = 10.0.40219.1
Project("{FAE04EC0-301F-11D3-BF4B-00C04F79EFBC}") = "ClassGenerator", "ClassGenerator\ClassGenerator.csproj", "{B77FCE22-388C-4B57-B183-A2F4BD17A34B}"
EndProject
Global
	GlobalSection(SolutionConfigurationPlatforms) = preSolution
		Debug|Any CPU = Debug|Any CPU
		Export|Any CPU = Export|Any CPU
		Release|Any CPU = Release|Any CPU
	EndGlobalSection
	GlobalSection(ProjectConfigurationPlatforms) = postSolution
		{B77FCE22-388C-4B57-B183-A2F4BD17A34B}.Debug|Any CPU.ActiveCfg = Debug|Any CPU
		{B77FCE22-388C-4B57-B183-A2F4BD17A34B}.Debug|Any CPU.Build.0 = Debug|Any CPU
		{B77FCE22-388C-4B57-B183-A2F4BD17A34B}.Export|Any CPU.ActiveCfg = Export|Any CPU
		{B77FCE22-388C-4B57-B183-A2F4BD17A34B}.Export|Any CPU.Build.0 = Export|Any CPU
		{B77FCE22-388C-4B57-B183-A2F4BD17A34B}.Release|Any CPU.ActiveCfg = Release|Any CPU
		{B77FCE22-388C-4B57-B183-A2F4BD17A34B}.Release|Any CPU.Build.0 = Release|Any CPU
	EndGlobalSection
	GlobalSection(SolutionProperties) = preSolution
		HideSolutionNode = FALSE
	EndGlobalSection
	GlobalSection(ExtensibilityGlobals) = postSolution
		SolutionGuid = {9B7EA650-0824-4689-8F96-C73620B631E6}
	EndGlobalSection
EndGlobal
